
Microsoft Visual Studio Solution File, Format Version 12.00
# Visual Studio 2012
Project("{FAE04EC0-301F-11D3-BF4B-00C04F79EFBC}") = "SqlServerTools", "SqlServerTools\SqlServerTools.csproj", "{E4D68A3B-E966-4ECE-A39F-834342826A75}"
EndProject
Project("{FAE04EC0-301F-11D3-BF4B-00C04F79EFBC}") = "SqlExpressProfiler", "SqlExpressProfiler\SqlExpressProfiler.csproj", "{FB3B337B-31A7-4C21-B8E2-ED9469B73ECC}"
EndProject
Project("{2150E333-8FDC-42A3-9474-1A3956D46DE8}") = "libs", "libs", "{D067B31F-11E7-4EDD-93A7-14F57EEB6AFE}"
EndProject
Project("{FAE04EC0-301F-11D3-BF4B-00C04F79EFBC}") = "AnjLab.FX", "libs\fx\AnjLab.FX\AnjLab.FX.csproj", "{9CEA924B-D8F0-4D5A-BACB-878D3D12C5F3}"
EndProject
Project("{FAE04EC0-301F-11D3-BF4B-00C04F79EFBC}") = "TabStrip", "libs\TabStrips\TabStrip\TabStrip.csproj", "{F929CA6A-87BD-42C8-8D0A-6455DB6F55DC}"
EndProject
Project("{FAE04EC0-301F-11D3-BF4B-00C04F79EFBC}") = "SqlServerTools.Tests", "SqlServerTools.Tests\SqlServerTools.Tests.csproj", "{8F8CBCB8-8870-4A97-86E8-3F7F0729C234}"
EndProject
Project("{FAE04EC0-301F-11D3-BF4B-00C04F79EFBC}") = "SqlExpressProfiler.Tests", "SqlExpressProfiler.Tests\SqlExpressProfiler.Tests.csproj", "{34422D8A-8A97-479F-B924-02F08EDA1AB7}"
EndProject
Project("{2150E333-8FDC-42A3-9474-1A3956D46DE8}") = "Tests", "Tests", "{E1F5DE2D-C56F-46F2-BD62-4EFEE42D6E82}"
EndProject
Global
	GlobalSection(SolutionConfigurationPlatforms) = preSolution
		Debug|Any CPU = Debug|Any CPU
		Release|Any CPU = Release|Any CPU
	EndGlobalSection
	GlobalSection(ProjectConfigurationPlatforms) = postSolution
		{E4D68A3B-E966-4ECE-A39F-834342826A75}.Debug|Any CPU.ActiveCfg = Debug|Any CPU
		{E4D68A3B-E966-4ECE-A39F-834342826A75}.Debug|Any CPU.Build.0 = Debug|Any CPU
		{E4D68A3B-E966-4ECE-A39F-834342826A75}.Release|Any CPU.ActiveCfg = Release|Any CPU
		{E4D68A3B-E966-4ECE-A39F-834342826A75}.Release|Any CPU.Build.0 = Release|Any CPU
		{FB3B337B-31A7-4C21-B8E2-ED9469B73ECC}.Debug|Any CPU.ActiveCfg = Debug|Any CPU
		{FB3B337B-31A7-4C21-B8E2-ED9469B73ECC}.Debug|Any CPU.Build.0 = Debug|Any CPU
		{FB3B337B-31A7-4C21-B8E2-ED9469B73ECC}.Release|Any CPU.ActiveCfg = Release|Any CPU
		{FB3B337B-31A7-4C21-B8E2-ED9469B73ECC}.Release|Any CPU.Build.0 = Release|Any CPU
		{9CEA924B-D8F0-4D5A-BACB-878D3D12C5F3}.Debug|Any CPU.ActiveCfg = Debug|Any CPU
		{9CEA924B-D8F0-4D5A-BACB-878D3D12C5F3}.Debug|Any CPU.Build.0 = Debug|Any CPU
		{9CEA924B-D8F0-4D5A-BACB-878D3D12C5F3}.Release|Any CPU.ActiveCfg = Release|Any CPU
		{9CEA924B-D8F0-4D5A-BACB-878D3D12C5F3}.Release|Any CPU.Build.0 = Release|Any CPU
		{F929CA6A-87BD-42C8-8D0A-6455DB6F55DC}.Debug|Any CPU.ActiveCfg = Debug|Any CPU
		{F929CA6A-87BD-42C8-8D0A-6455DB6F55DC}.Debug|Any CPU.Build.0 = Debug|Any CPU
		{F929CA6A-87BD-42C8-8D0A-6455DB6F55DC}.Release|Any CPU.ActiveCfg = Release|Any CPU
		{F929CA6A-87BD-42C8-8D0A-6455DB6F55DC}.Release|Any CPU.Build.0 = Release|Any CPU
		{8F8CBCB8-8870-4A97-86E8-3F7F0729C234}.Debug|Any CPU.ActiveCfg = Debug|Any CPU
		{8F8CBCB8-8870-4A97-86E8-3F7F0729C234}.Debug|Any CPU.Build.0 = Debug|Any CPU
		{8F8CBCB8-8870-4A97-86E8-3F7F0729C234}.Release|Any CPU.ActiveCfg = Release|Any CPU
		{8F8CBCB8-8870-4A97-86E8-3F7F0729C234}.Release|Any CPU.Build.0 = Release|Any CPU
		{34422D8A-8A97-479F-B924-02F08EDA1AB7}.Debug|Any CPU.ActiveCfg = Debug|Any CPU
		{34422D8A-8A97-479F-B924-02F08EDA1AB7}.Debug|Any CPU.Build.0 = Debug|Any CPU
		{34422D8A-8A97-479F-B924-02F08EDA1AB7}.Release|Any CPU.ActiveCfg = Release|Any CPU
		{34422D8A-8A97-479F-B924-02F08EDA1AB7}.Release|Any CPU.Build.0 = Release|Any CPU
	EndGlobalSection
	GlobalSection(SolutionProperties) = preSolution
		HideSolutionNode = FALSE
	EndGlobalSection
	GlobalSection(NestedProjects) = preSolution
		{9CEA924B-D8F0-4D5A-BACB-878D3D12C5F3} = {D067B31F-11E7-4EDD-93A7-14F57EEB6AFE}
		{F929CA6A-87BD-42C8-8D0A-6455DB6F55DC} = {D067B31F-11E7-4EDD-93A7-14F57EEB6AFE}
		{34422D8A-8A97-479F-B924-02F08EDA1AB7} = {E1F5DE2D-C56F-46F2-BD62-4EFEE42D6E82}
		{8F8CBCB8-8870-4A97-86E8-3F7F0729C234} = {E1F5DE2D-C56F-46F2-BD62-4EFEE42D6E82}
	EndGlobalSection
EndGlobal
